{
  "pins" : [
    {
      "identity" : "sdwebimage",
      "kind" : "remoteSourceControl",
      "location" : "https://github.com/SDWebImage/SDWebImage.git",
      "state" : {
        "revision" : "1b9a2e902cbde5fdf362faa0f4fd76ea74d74305",
        "version" : "5.18.5"
      }
    },
    {
      "identity" : "swiftnet",
      "kind" : "remoteSourceControl",
      "location" : "https://github.com/WhereIsPumpkin/SwiftNet",
      "state" : {
        "branch" : "main",
        "revision" : "618315bd861e373d28af45fb08fb5ada95012a7c"
      }
    }
  ],
  "version" : 2
}
